
Microsoft Visual Studio Solution File, Format Version 12.00
# Visual Studio 15
VisualStudioVersion = 15.0.27130.2027
MinimumVisualStudioVersion = 10.0.40219.1
Project("{FAE04EC0-301F-11D3-BF4B-00C04F79EFBC}") = "Driver's License Exam", "Driver's License Exam\Driver's License Exam.csproj", "{F8AFD480-4A6D-4F40-93EF-D4E8F377104A}"
EndProject
Global
	GlobalSection(SolutionConfigurationPlatforms) = preSolution
		Debug|Any CPU = Debug|Any CPU
		Release|Any CPU = Release|Any CPU
	EndGlobalSection
	GlobalSection(ProjectConfigurationPlatforms) = postSolution
		{F8AFD480-4A6D-4F40-93EF-D4E8F377104A}.Debug|Any CPU.ActiveCfg = Debug|Any CPU
		{F8AFD480-4A6D-4F40-93EF-D4E8F377104A}.Debug|Any CPU.Build.0 = Debug|Any CPU
		{F8AFD480-4A6D-4F40-93EF-D4E8F377104A}.Release|Any CPU.ActiveCfg = Release|Any CPU
		{F8AFD480-4A6D-4F40-93EF-D4E8F377104A}.Release|Any CPU.Build.0 = Release|Any CPU
	EndGlobalSection
	GlobalSection(SolutionProperties) = preSolution
		HideSolutionNode = FALSE
	EndGlobalSection
	GlobalSection(ExtensibilityGlobals) = postSolution
		SolutionGuid = {043717B7-86AC-4C89-9BF5-BC141BAF2054}
	EndGlobalSection
EndGlobal
